PODS:
  - SwiftyNotifications (0.5.2)

DEPENDENCIES:
  - SwiftyNotifications (from `.`)

EXTERNAL SOURCES:
  SwiftyNotifications:
    :path: "."

SPEC CHECKSUMS:
  SwiftyNotifications: 068f7ab6e39cabe7fdb6f00f19832528affb4a43

PODFILE CHECKSUM: 1be790d2b9e3e455db7dd5e206eaa26dbe5f19b0

COCOAPODS: 1.5.3
