PODS:
  - SwiftyNotifications (0.6.0)

DEPENDENCIES:
  - SwiftyNotifications (from `.`)

EXTERNAL SOURCES:
  SwiftyNotifications:
    :path: "."

SPEC CHECKSUMS:
  SwiftyNotifications: 67d9b3136c3ae3a942d7dcd63128708b2c62c145

PODFILE CHECKSUM: 4c8b5ca23e63f38a0052a25aec5d3ecac5d2c08b

COCOAPODS: 1.9.3
