PODS:
  - SwiftyNotifications (0.5.4)

DEPENDENCIES:
  - SwiftyNotifications (from `.`)

EXTERNAL SOURCES:
  SwiftyNotifications:
    :path: "."

SPEC CHECKSUMS:
  SwiftyNotifications: c59be357e8194eb921ac7042a9040fb6999d3850

PODFILE CHECKSUM: b369a10021a959997013c2b6e33933dfe509656a

COCOAPODS: 1.8.4
